
Microsoft Visual Studio Solution File, Format Version 12.00
# Visual Studio Version 17
VisualStudioVersion = 17.6.33815.320
MinimumVisualStudioVersion = 10.0.40219.1
Project("{FAE04EC0-301F-11D3-BF4B-00C04F79EFBC}") = "ExamenMichelleVaca", "ExamenMichelleVaca\ExamenMichelleVaca.csproj", "{8D819D69-3EC6-4296-B0A5-0654DFD32FD1}"
EndProject
Global
	GlobalSection(SolutionConfigurationPlatforms) = preSolution
		Debug|Any CPU = Debug|Any CPU
		Release|Any CPU = Release|Any CPU
	EndGlobalSection
	GlobalSection(ProjectConfigurationPlatforms) = postSolution
		{8D819D69-3EC6-4296-B0A5-0654DFD32FD1}.Debug|Any CPU.ActiveCfg = Debug|Any CPU
		{8D819D69-3EC6-4296-B0A5-0654DFD32FD1}.Debug|Any CPU.Build.0 = Debug|Any CPU
		{8D819D69-3EC6-4296-B0A5-0654DFD32FD1}.Release|Any CPU.ActiveCfg = Release|Any CPU
		{8D819D69-3EC6-4296-B0A5-0654DFD32FD1}.Release|Any CPU.Build.0 = Release|Any CPU
	EndGlobalSection
	GlobalSection(SolutionProperties) = preSolution
		HideSolutionNode = FALSE
	EndGlobalSection
	GlobalSection(ExtensibilityGlobals) = postSolution
		SolutionGuid = {22171D56-2359-4B7B-927D-0D8B1E8FF002}
	EndGlobalSection
EndGlobal
